
Microsoft Visual Studio Solution File, Format Version 12.00
# Visual Studio Version 16
VisualStudioVersion = 16.0.30711.63
MinimumVisualStudioVersion = 10.0.40219.1
Project("{9A19103F-16F7-4668-BE54-9A1E7A4F7556}") = "TcKimlikTest", "TcKimlikTest.csproj", "{C1BC1CFD-AC24-451A-9D42-93A4C2114516}"
EndProject
Global
	GlobalSection(SolutionConfigurationPlatforms) = preSolution
		Debug|Any CPU = Debug|Any CPU
		Release|Any CPU = Release|Any CPU
	EndGlobalSection
	GlobalSection(ProjectConfigurationPlatforms) = postSolution
		{C1BC1CFD-AC24-451A-9D42-93A4C2114516}.Debug|Any CPU.ActiveCfg = Debug|Any CPU
		{C1BC1CFD-AC24-451A-9D42-93A4C2114516}.Debug|Any CPU.Build.0 = Debug|Any CPU
		{C1BC1CFD-AC24-451A-9D42-93A4C2114516}.Release|Any CPU.ActiveCfg = Release|Any CPU
		{C1BC1CFD-AC24-451A-9D42-93A4C2114516}.Release|Any CPU.Build.0 = Release|Any CPU
	EndGlobalSection
	GlobalSection(SolutionProperties) = preSolution
		HideSolutionNode = FALSE
	EndGlobalSection
	GlobalSection(ExtensibilityGlobals) = postSolution
		SolutionGuid = {46B7158D-71E3-4E15-B4C2-272E0AD85A90}
	EndGlobalSection
EndGlobal
